
Microsoft Visual Studio Solution File, Format Version 12.00
# Visual Studio 2013
VisualStudioVersion = 12.0.40629.0
MinimumVisualStudioVersion = 10.0.40219.1
Project("{FAE04EC0-301F-11D3-BF4B-00C04F79EFBC}") = "ODBCExporterConsole", "ODBCExporterConsole\ODBCExporterConsole.csproj", "{DE97ADFD-D184-421F-BE51-D280450B47E9}"
EndProject
Project("{FAE04EC0-301F-11D3-BF4B-00C04F79EFBC}") = "ODBCExporter", "ODBCExporter\ODBCExporter.csproj", "{D8C5356B-7C5E-403C-BED3-354BA3640593}"
EndProject
Global
	GlobalSection(SolutionConfigurationPlatforms) = preSolution
		Debug|Any CPU = Debug|Any CPU
		Release|Any CPU = Release|Any CPU
	EndGlobalSection
	GlobalSection(ProjectConfigurationPlatforms) = postSolution
		{DE97ADFD-D184-421F-BE51-D280450B47E9}.Debug|Any CPU.ActiveCfg = Debug|Any CPU
		{DE97ADFD-D184-421F-BE51-D280450B47E9}.Debug|Any CPU.Build.0 = Debug|Any CPU
		{DE97ADFD-D184-421F-BE51-D280450B47E9}.Release|Any CPU.ActiveCfg = Release|Any CPU
		{DE97ADFD-D184-421F-BE51-D280450B47E9}.Release|Any CPU.Build.0 = Release|Any CPU
		{D8C5356B-7C5E-403C-BED3-354BA3640593}.Debug|Any CPU.ActiveCfg = Debug|Any CPU
		{D8C5356B-7C5E-403C-BED3-354BA3640593}.Debug|Any CPU.Build.0 = Debug|Any CPU
		{D8C5356B-7C5E-403C-BED3-354BA3640593}.Release|Any CPU.ActiveCfg = Release|Any CPU
		{D8C5356B-7C5E-403C-BED3-354BA3640593}.Release|Any CPU.Build.0 = Release|Any CPU
	EndGlobalSection
	GlobalSection(SolutionProperties) = preSolution
		HideSolutionNode = FALSE
	EndGlobalSection
EndGlobal
